
Microsoft Visual Studio Solution File, Format Version 12.00
# Visual Studio Version 17
VisualStudioVersion = 17.9.34728.123
MinimumVisualStudioVersion = 10.0.40219.1
Project("{FAE04EC0-301F-11D3-BF4B-00C04F79EFBC}") = "WebAppPeopleCRUD", "WebAppPeopleCRUD.csproj", "{3509E277-34BC-4BB0-8206-5FFC73F95A33}"
EndProject
Global
	GlobalSection(SolutionConfigurationPlatforms) = preSolution
		Debug|Any CPU = Debug|Any CPU
		Release|Any CPU = Release|Any CPU
	EndGlobalSection
	GlobalSection(ProjectConfigurationPlatforms) = postSolution
		{3509E277-34BC-4BB0-8206-5FFC73F95A33}.Debug|Any CPU.ActiveCfg = Debug|Any CPU
		{3509E277-34BC-4BB0-8206-5FFC73F95A33}.Debug|Any CPU.Build.0 = Debug|Any CPU
		{3509E277-34BC-4BB0-8206-5FFC73F95A33}.Release|Any CPU.ActiveCfg = Release|Any CPU
		{3509E277-34BC-4BB0-8206-5FFC73F95A33}.Release|Any CPU.Build.0 = Release|Any CPU
	EndGlobalSection
	GlobalSection(SolutionProperties) = preSolution
		HideSolutionNode = FALSE
	EndGlobalSection
	GlobalSection(ExtensibilityGlobals) = postSolution
		SolutionGuid = {21745809-8B72-4419-B5F6-65DF486DCB1C}
	EndGlobalSection
EndGlobal
